PODS:
  - MJRefresh (3.2.3)
  - SnapKit (4.2.0)

DEPENDENCIES:
  - MJRefresh
  - SnapKit (= 4.2.0)

SPEC REPOS:
  https://cdn.cocoapods.org/:
    - MJRefresh
    - SnapKit

SPEC CHECKSUMS:
  MJRefresh: 2b1214a2dc8f4df4c5dcb028ea2ad4e245425fb7
  SnapKit: fe8a619752f3f27075cc9a90244d75c6c3f27e2a

PODFILE CHECKSUM: 25c9cbe6e69c459ab63e5a02dca01d42806a36d8

COCOAPODS: 1.8.4
