{
  "object": {
    "pins": [
      {
        "package": "Trident",
        "repositoryURL": "https://github.com/bawn/Trident.git",
        "state": {
          "branch": null,
          "revision": "2eed75e69815da6fc28b05c91cd642bca1c40610",
          "version": "0.7.0"
        }
      }
    ]
  },
  "version": 1
}
