// !$*UTF8*$!
{
	archiveVersion = 1;
	classes = {
	};
	objectVersion = 52;
	objects = {

/* Begin PBXBuildFile section */
		3E70E23AE12A03F719A61B86 /* Pods_Aquaman_Demo.framework in Frameworks */ = {isa = PBXBuildFile; fileRef = 1818A6060E4BCD927F3FAB53 /* Pods_Aquaman_Demo.framework */; };
		DF457BB323B6131F00708C49 /* Aquaman_DemoUITests.swift in Sources */ = {isa = PBXBuildFile; fileRef = DF457BB223B6131F00708C49 /* Aquaman_DemoUITests.swift */; };
		DF7AC0272320BB9E002E595E /* TheFlashViewController.swift in Sources */ = {isa = PBXBuildFile; fileRef = DF7AC0262320BB9E002E595E /* TheFlashViewController.swift */; };
		DF7F9F2121E37EEB000F4317 /* AppDelegate.swift in Sources */ = {isa = PBXBuildFile; fileRef = DF7F9F2021E37EEB000F4317 /* AppDelegate.swift */; };
		DF7F9F2821E37EEC000F4317 /* Assets.xcassets in Resources */ = {isa = PBXBuildFile; fileRef = DF7F9F2721E37EEC000F4317 /* Assets.xcassets */; };
		DF7F9F2B21E37EEC000F4317 /* LaunchScreen.storyboard in Resources */ = {isa = PBXBuildFile; fileRef = DF7F9F2921E37EEC000F4317 /* LaunchScreen.storyboard */; };
		DF7F9F3E21E37FAA000F4317 /* HeaderView.swift in Sources */ = {isa = PBXBuildFile; fileRef = DF7F9F3221E37FA9000F4317 /* HeaderView.swift */; };
		DF7F9F4321E37FAA000F4317 /* BatmanViewController.swift in Sources */ = {isa = PBXBuildFile; fileRef = DF7F9F3721E37FA9000F4317 /* BatmanViewController.swift */; };
		DF7F9F4421E37FAA000F4317 /* SupermanViewController.swift in Sources */ = {isa = PBXBuildFile; fileRef = DF7F9F3821E37FA9000F4317 /* SupermanViewController.swift */; };
		DF7F9F4521E37FAA000F4317 /* PageViewController.swift in Sources */ = {isa = PBXBuildFile; fileRef = DF7F9F3921E37FA9000F4317 /* PageViewController.swift */; };
		DF7F9F4721E37FAA000F4317 /* WonderWomanViewController.swift in Sources */ = {isa = PBXBuildFile; fileRef = DF7F9F3B21E37FA9000F4317 /* WonderWomanViewController.swift */; };
		DF7F9F4B21E37FBB000F4317 /* Main.storyboard in Resources */ = {isa = PBXBuildFile; fileRef = DF7F9F4A21E37FBB000F4317 /* Main.storyboard */; };
		DF931184250C7D5600870847 /* Trident in Frameworks */ = {isa = PBXBuildFile; productRef = DF931183250C7D5600870847 /* Trident */; };
		DF931187250C7DDC00870847 /* Aquaman in Frameworks */ = {isa = PBXBuildFile; productRef = DF931186250C7DDC00870847 /* Aquaman */; };
		DFD4116121E84011006E8D77 /* ViewController.swift in Sources */ = {isa = PBXBuildFile; fileRef = DFD4116021E84011006E8D77 /* ViewController.swift */; };
/* End PBXBuildFile section */

/* Begin PBXContainerItemProxy section */
		DF457BB523B6131F00708C49 /* PBXContainerItemProxy */ = {
			isa = PBXContainerItemProxy;
			containerPortal = DF7F9F1521E37EEB000F4317 /* Project object */;
			proxyType = 1;
			remoteGlobalIDString = DF7F9F1C21E37EEB000F4317;
			remoteInfo = "Aquaman-Demo";
		};
/* End PBXContainerItemProxy section */

/* Begin PBXCopyFilesBuildPhase section */
		DF37AB8E23B9F47D0047FEF9 /* Embed Frameworks */ = {
			isa = PBXCopyFilesBuildPhase;
			buildActionMask = 2147483647;
			dstPath = "";
			dstSubfolderSpec = 10;
			files = (
			);
			name = "Embed Frameworks";
			runOnlyForDeploymentPostprocessing = 0;
		};
/* End PBXCopyFilesBuildPhase section */

/* Begin PBXFileReference section */
		1818A6060E4BCD927F3FAB53 /* Pods_Aquaman_Demo.framework */ = {isa = PBXFileReference; explicitFileType = wrapper.framework; includeInIndex = 0; path = Pods_Aquaman_Demo.framework; sourceTree = BUILT_PRODUCTS_DIR; };
		3A86685D0616AED53669BBEF /* Pods-Aquaman-Demo.release.xcconfig */ = {isa = PBXFileReference; includeInIndex = 1; lastKnownFileType = text.xcconfig; name = "Pods-Aquaman-Demo.release.xcconfig"; path = "Target Support Files/Pods-Aquaman-Demo/Pods-Aquaman-Demo.release.xcconfig"; sourceTree = "<group>"; };
		DF457BB023B6131F00708C49 /* Aquaman-DemoUITests.xctest */ = {isa = PBXFileReference; explicitFileType = wrapper.cfbundle; includeInIndex = 0; path = "Aquaman-DemoUITests.xctest"; sourceTree = BUILT_PRODUCTS_DIR; };
		DF457BB223B6131F00708C49 /* Aquaman_DemoUITests.swift */ = {isa = PBXFileReference; lastKnownFileType = sourcecode.swift; path = Aquaman_DemoUITests.swift; sourceTree = "<group>"; };
		DF457BB423B6131F00708C49 /* Info.plist */ = {isa = PBXFileReference; lastKnownFileType = text.plist.xml; path = Info.plist; sourceTree = "<group>"; };
		DF786CD82230CB8800DD6955 /* Aquaman.framework */ = {isa = PBXFileReference; explicitFileType = wrapper.framework; path = Aquaman.framework; sourceTree = BUILT_PRODUCTS_DIR; };
		DF7AC0262320BB9E002E595E /* TheFlashViewController.swift */ = {isa = PBXFileReference; lastKnownFileType = sourcecode.swift; path = TheFlashViewController.swift; sourceTree = "<group>"; };
		DF7F9F1D21E37EEB000F4317 /* Aquaman-Demo.app */ = {isa = PBXFileReference; explicitFileType = wrapper.application; includeInIndex = 0; path = "Aquaman-Demo.app"; sourceTree = BUILT_PRODUCTS_DIR; };
		DF7F9F2021E37EEB000F4317 /* AppDelegate.swift */ = {isa = PBXFileReference; lastKnownFileType = sourcecode.swift; path = AppDelegate.swift; sourceTree = "<group>"; };
		DF7F9F2721E37EEC000F4317 /* Assets.xcassets */ = {isa = PBXFileReference; lastKnownFileType = folder.assetcatalog; path = Assets.xcassets; sourceTree = "<group>"; };
		DF7F9F2A21E37EEC000F4317 /* Base */ = {isa = PBXFileReference; lastKnownFileType = file.storyboard; name = Base; path = Base.lproj/LaunchScreen.storyboard; sourceTree = "<group>"; };
		DF7F9F2C21E37EEC000F4317 /* Info.plist */ = {isa = PBXFileReference; lastKnownFileType = text.plist.xml; path = Info.plist; sourceTree = "<group>"; };
		DF7F9F3221E37FA9000F4317 /* HeaderView.swift */ = {isa = PBXFileReference; fileEncoding = 4; lastKnownFileType = sourcecode.swift; path = HeaderView.swift; sourceTree = "<group>"; };
		DF7F9F3721E37FA9000F4317 /* BatmanViewController.swift */ = {isa = PBXFileReference; fileEncoding = 4; lastKnownFileType = sourcecode.swift; path = BatmanViewController.swift; sourceTree = "<group>"; };
		DF7F9F3821E37FA9000F4317 /* SupermanViewController.swift */ = {isa = PBXFileReference; fileEncoding = 4; lastKnownFileType = sourcecode.swift; path = SupermanViewController.swift; sourceTree = "<group>"; };
		DF7F9F3921E37FA9000F4317 /* PageViewController.swift */ = {isa = PBXFileReference; fileEncoding = 4; lastKnownFileType = sourcecode.swift; path = PageViewController.swift; sourceTree = "<group>"; };
		DF7F9F3B21E37FA9000F4317 /* WonderWomanViewController.swift */ = {isa = PBXFileReference; fileEncoding = 4; lastKnownFileType = sourcecode.swift; path = WonderWomanViewController.swift; sourceTree = "<group>"; };
		DF7F9F4A21E37FBB000F4317 /* Main.storyboard */ = {isa = PBXFileReference; fileEncoding = 4; lastKnownFileType = file.storyboard; path = Main.storyboard; sourceTree = "<group>"; };
		DFD4116021E84011006E8D77 /* ViewController.swift */ = {isa = PBXFileReference; lastKnownFileType = sourcecode.swift; path = ViewController.swift; sourceTree = "<group>"; };
		F5EA41D9B5EC67782591227C /* Pods-Aquaman-Demo.debug.xcconfig */ = {isa = PBXFileReference; includeInIndex = 1; lastKnownFileType = text.xcconfig; name = "Pods-Aquaman-Demo.debug.xcconfig"; path = "Target Support Files/Pods-Aquaman-Demo/Pods-Aquaman-Demo.debug.xcconfig"; sourceTree = "<group>"; };
/* End PBXFileReference section */

/* Begin PBXFrameworksBuildPhase section */
		DF457BAD23B6131E00708C49 /* Frameworks */ = {
			isa = PBXFrameworksBuildPhase;
			buildActionMask = 2147483647;
			files = (
			);
			runOnlyForDeploymentPostprocessing = 0;
		};
		DF7F9F1A21E37EEB000F4317 /* Frameworks */ = {
			isa = PBXFrameworksBuildPhase;
			buildActionMask = 2147483647;
			files = (
				DF931187250C7DDC00870847 /* Aquaman in Frameworks */,
				3E70E23AE12A03F719A61B86 /* Pods_Aquaman_Demo.framework in Frameworks */,
				DF931184250C7D5600870847 /* Trident in Frameworks */,
			);
			runOnlyForDeploymentPostprocessing = 0;
		};
/* End PBXFrameworksBuildPhase section */

/* Begin PBXGroup section */
		26D8BFA01A1516C315CC832E /* Pods */ = {
			isa = PBXGroup;
			children = (
				F5EA41D9B5EC67782591227C /* Pods-Aquaman-Demo.debug.xcconfig */,
				3A86685D0616AED53669BBEF /* Pods-Aquaman-Demo.release.xcconfig */,
			);
			path = Pods;
			sourceTree = "<group>";
		};
		7E74EA9976E9E47CAA6BDD04 /* Frameworks */ = {
			isa = PBXGroup;
			children = (
				DF786CD82230CB8800DD6955 /* Aquaman.framework */,
				1818A6060E4BCD927F3FAB53 /* Pods_Aquaman_Demo.framework */,
			);
			name = Frameworks;
			sourceTree = "<group>";
		};
		DF457BB123B6131F00708C49 /* Aquaman-DemoUITests */ = {
			isa = PBXGroup;
			children = (
				DF457BB223B6131F00708C49 /* Aquaman_DemoUITests.swift */,
				DF457BB423B6131F00708C49 /* Info.plist */,
			);
			path = "Aquaman-DemoUITests";
			sourceTree = "<group>";
		};
		DF7F9F1421E37EEB000F4317 = {
			isa = PBXGroup;
			children = (
				DF7F9F1F21E37EEB000F4317 /* Aquaman-Demo */,
				DF457BB123B6131F00708C49 /* Aquaman-DemoUITests */,
				DF7F9F1E21E37EEB000F4317 /* Products */,
				7E74EA9976E9E47CAA6BDD04 /* Frameworks */,
				26D8BFA01A1516C315CC832E /* Pods */,
			);
			sourceTree = "<group>";
		};
		DF7F9F1E21E37EEB000F4317 /* Products */ = {
			isa = PBXGroup;
			children = (
				DF7F9F1D21E37EEB000F4317 /* Aquaman-Demo.app */,
				DF457BB023B6131F00708C49 /* Aquaman-DemoUITests.xctest */,
			);
			name = Products;
			sourceTree = "<group>";
		};
		DF7F9F1F21E37EEB000F4317 /* Aquaman-Demo */ = {
			isa = PBXGroup;
			children = (
				DF7F9F2021E37EEB000F4317 /* AppDelegate.swift */,
				DF7F9F3921E37FA9000F4317 /* PageViewController.swift */,
				DF7F9F3821E37FA9000F4317 /* SupermanViewController.swift */,
				DF7F9F3721E37FA9000F4317 /* BatmanViewController.swift */,
				DF7F9F3B21E37FA9000F4317 /* WonderWomanViewController.swift */,
				DF7AC0262320BB9E002E595E /* TheFlashViewController.swift */,
				DF7F9F3221E37FA9000F4317 /* HeaderView.swift */,
				DFD4116021E84011006E8D77 /* ViewController.swift */,
				DF7F9F4A21E37FBB000F4317 /* Main.storyboard */,
				DF7F9F2721E37EEC000F4317 /* Assets.xcassets */,
				DF7F9F2921E37EEC000F4317 /* LaunchScreen.storyboard */,
				DF7F9F2C21E37EEC000F4317 /* Info.plist */,
			);
			path = "Aquaman-Demo";
			sourceTree = "<group>";
		};
/* End PBXGroup section */

/* Begin PBXNativeTarget section */
		DF457BAF23B6131E00708C49 /* Aquaman-DemoUITests */ = {
			isa = PBXNativeTarget;
			buildConfigurationList = DF457BB923B6131F00708C49 /* Build configuration list for PBXNativeTarget "Aquaman-DemoUITests" */;
			buildPhases = (
				DF457BAC23B6131E00708C49 /* Sources */,
				DF457BAD23B6131E00708C49 /* Frameworks */,
				DF457BAE23B6131E00708C49 /* Resources */,
			);
			buildRules = (
			);
			dependencies = (
				DF457BB623B6131F00708C49 /* PBXTargetDependency */,
			);
			name = "Aquaman-DemoUITests";
			productName = "Aquaman-DemoUITests";
			productReference = DF457BB023B6131F00708C49 /* Aquaman-DemoUITests.xctest */;
			productType = "com.apple.product-type.bundle.ui-testing";
		};
		DF7F9F1C21E37EEB000F4317 /* Aquaman-Demo */ = {
			isa = PBXNativeTarget;
			buildConfigurationList = DF7F9F2F21E37EEC000F4317 /* Build configuration list for PBXNativeTarget "Aquaman-Demo" */;
			buildPhases = (
				8EF3531CB233F0CACA93EEEF /* [CP] Check Pods Manifest.lock */,
				DF7F9F1921E37EEB000F4317 /* Sources */,
				DF7F9F1A21E37EEB000F4317 /* Frameworks */,
				DF7F9F1B21E37EEB000F4317 /* Resources */,
				DF37AB8E23B9F47D0047FEF9 /* Embed Frameworks */,
				D65C893F5D7CA8B838CECDC6 /* [CP] Embed Pods Frameworks */,
			);
			buildRules = (
			);
			dependencies = (
			);
			name = "Aquaman-Demo";
			packageProductDependencies = (
				DF931183250C7D5600870847 /* Trident */,
				DF931186250C7DDC00870847 /* Aquaman */,
			);
			productName = "Aquaman-Demo";
			productReference = DF7F9F1D21E37EEB000F4317 /* Aquaman-Demo.app */;
			productType = "com.apple.product-type.application";
		};
/* End PBXNativeTarget section */

/* Begin PBXProject section */
		DF7F9F1521E37EEB000F4317 /* Project object */ = {
			isa = PBXProject;
			attributes = {
				LastSwiftUpdateCheck = 1130;
				LastUpgradeCheck = 1010;
				ORGANIZATIONNAME = bawn;
				TargetAttributes = {
					DF457BAF23B6131E00708C49 = {
						CreatedOnToolsVersion = 11.3;
						TestTargetID = DF7F9F1C21E37EEB000F4317;
					};
					DF7F9F1C21E37EEB000F4317 = {
						CreatedOnToolsVersion = 10.1;
					};
				};
			};
			buildConfigurationList = DF7F9F1821E37EEB000F4317 /* Build configuration list for PBXProject "Aquaman-Demo" */;
			compatibilityVersion = "Xcode 9.3";
			developmentRegion = en;
			hasScannedForEncodings = 0;
			knownRegions = (
				en,
				Base,
			);
			mainGroup = DF7F9F1421E37EEB000F4317;
			packageReferences = (
				DF931182250C7D5600870847 /* XCRemoteSwiftPackageReference "Trident" */,
				DF931185250C7DDC00870847 /* XCRemoteSwiftPackageReference "Aquaman" */,
			);
			productRefGroup = DF7F9F1E21E37EEB000F4317 /* Products */;
			projectDirPath = "";
			projectRoot = "";
			targets = (
				DF7F9F1C21E37EEB000F4317 /* Aquaman-Demo */,
				DF457BAF23B6131E00708C49 /* Aquaman-DemoUITests */,
			);
		};
/* End PBXProject section */

/* Begin PBXResourcesBuildPhase section */
		DF457BAE23B6131E00708C49 /* Resources */ = {
			isa = PBXResourcesBuildPhase;
			buildActionMask = 2147483647;
			files = (
			);
			runOnlyForDeploymentPostprocessing = 0;
		};
		DF7F9F1B21E37EEB000F4317 /* Resources */ = {
			isa = PBXResourcesBuildPhase;
			buildActionMask = 2147483647;
			files = (
				DF7F9F4B21E37FBB000F4317 /* Main.storyboard in Resources */,
				DF7F9F2B21E37EEC000F4317 /* LaunchScreen.storyboard in Resources */,
				DF7F9F2821E37EEC000F4317 /* Assets.xcassets in Resources */,
			);
			runOnlyForDeploymentPostprocessing = 0;
		};
/* End PBXResourcesBuildPhase section */

/* Begin PBXShellScriptBuildPhase section */
		8EF3531CB233F0CACA93EEEF /* [CP] Check Pods Manifest.lock */ = {
			isa = PBXShellScriptBuildPhase;
			buildActionMask = 2147483647;
			files = (
			);
			inputFileListPaths = (
			);
			inputPaths = (
				"${PODS_PODFILE_DIR_PATH}/Podfile.lock",
				"${PODS_ROOT}/Manifest.lock",
			);
			name = "[CP] Check Pods Manifest.lock";
			outputFileListPaths = (
			);
			outputPaths = (
				"$(DERIVED_FILE_DIR)/Pods-Aquaman-Demo-checkManifestLockResult.txt",
			);
			runOnlyForDeploymentPostprocessing = 0;
			shellPath = /bin/sh;
			shellScript = "diff \"${PODS_PODFILE_DIR_PATH}/Podfile.lock\" \"${PODS_ROOT}/Manifest.lock\" > /dev/null\nif [ $? != 0 ] ; then\n    # print error to STDERR\n    echo \"error: The sandbox is not in sync with the Podfile.lock. Run 'pod install' or update your CocoaPods installation.\" >&2\n    exit 1\nfi\n# This output is used by Xcode 'outputs' to avoid re-running this script phase.\necho \"SUCCESS\" > \"${SCRIPT_OUTPUT_FILE_0}\"\n";
			showEnvVarsInLog = 0;
		};
		D65C893F5D7CA8B838CECDC6 /* [CP] Embed Pods Frameworks */ = {
			isa = PBXShellScriptBuildPhase;
			buildActionMask = 2147483647;
			files = (
			);
			inputFileListPaths = (
				"${PODS_ROOT}/Target Support Files/Pods-Aquaman-Demo/Pods-Aquaman-Demo-frameworks-${CONFIGURATION}-input-files.xcfilelist",
			);
			name = "[CP] Embed Pods Frameworks";
			outputFileListPaths = (
				"${PODS_ROOT}/Target Support Files/Pods-Aquaman-Demo/Pods-Aquaman-Demo-frameworks-${CONFIGURATION}-output-files.xcfilelist",
			);
			runOnlyForDeploymentPostprocessing = 0;
			shellPath = /bin/sh;
			shellScript = "\"${PODS_ROOT}/Target Support Files/Pods-Aquaman-Demo/Pods-Aquaman-Demo-frameworks.sh\"\n";
			showEnvVarsInLog = 0;
		};
/* End PBXShellScriptBuildPhase section */

/* Begin PBXSourcesBuildPhase section */
		DF457BAC23B6131E00708C49 /* Sources */ = {
			isa = PBXSourcesBuildPhase;
			buildActionMask = 2147483647;
			files = (
				DF457BB323B6131F00708C49 /* Aquaman_DemoUITests.swift in Sources */,
			);
			runOnlyForDeploymentPostprocessing = 0;
		};
		DF7F9F1921E37EEB000F4317 /* Sources */ = {
			isa = PBXSourcesBuildPhase;
			buildActionMask = 2147483647;
			files = (
				DF7F9F4521E37FAA000F4317 /* PageViewController.swift in Sources */,
				DF7AC0272320BB9E002E595E /* TheFlashViewController.swift in Sources */,
				DF7F9F4721E37FAA000F4317 /* WonderWomanViewController.swift in Sources */,
				DF7F9F3E21E37FAA000F4317 /* HeaderView.swift in Sources */,
				DFD4116121E84011006E8D77 /* ViewController.swift in Sources */,
				DF7F9F2121E37EEB000F4317 /* AppDelegate.swift in Sources */,
				DF7F9F4321E37FAA000F4317 /* BatmanViewController.swift in Sources */,
				DF7F9F4421E37FAA000F4317 /* SupermanViewController.swift in Sources */,
			);
			runOnlyForDeploymentPostprocessing = 0;
		};
/* End PBXSourcesBuildPhase section */

/* Begin PBXTargetDependency section */
		DF457BB623B6131F00708C49 /* PBXTargetDependency */ = {
			isa = PBXTargetDependency;
			target = DF7F9F1C21E37EEB000F4317 /* Aquaman-Demo */;
			targetProxy = DF457BB523B6131F00708C49 /* PBXContainerItemProxy */;
		};
/* End PBXTargetDependency section */

/* Begin PBXVariantGroup section */
		DF7F9F2921E37EEC000F4317 /* LaunchScreen.storyboard */ = {
			isa = PBXVariantGroup;
			children = (
				DF7F9F2A21E37EEC000F4317 /* Base */,
			);
			name = LaunchScreen.storyboard;
			sourceTree = "<group>";
		};
/* End PBXVariantGroup section */

/* Begin XCBuildConfiguration section */
		DF457BB723B6131F00708C49 /* Debug */ = {
			isa = XCBuildConfiguration;
			buildSettings = {
				CODE_SIGN_STYLE = Automatic;
				DEVELOPMENT_TEAM = 8246L2QR6A;
				INFOPLIST_FILE = "Aquaman-DemoUITests/Info.plist";
				IPHONEOS_DEPLOYMENT_TARGET = 13.2;
				LD_RUNPATH_SEARCH_PATHS = (
					"$(inherited)",
					"@executable_path/Frameworks",
					"@loader_path/Frameworks",
				);
				PRODUCT_BUNDLE_IDENTIFIER = "bawn.Aquaman-DemoUITests";
				PRODUCT_NAME = "$(TARGET_NAME)";
				SWIFT_VERSION = 5.0;
				TARGETED_DEVICE_FAMILY = "1,2";
				TEST_TARGET_NAME = "Aquaman-Demo";
			};
			name = Debug;
		};
		DF457BB823B6131F00708C49 /* Release */ = {
			isa = XCBuildConfiguration;
			buildSettings = {
				CODE_SIGN_STYLE = Automatic;
				DEVELOPMENT_TEAM = 8246L2QR6A;
				INFOPLIST_FILE = "Aquaman-DemoUITests/Info.plist";
				IPHONEOS_DEPLOYMENT_TARGET = 13.2;
				LD_RUNPATH_SEARCH_PATHS = (
					"$(inherited)",
					"@executable_path/Frameworks",
					"@loader_path/Frameworks",
				);
				PRODUCT_BUNDLE_IDENTIFIER = "bawn.Aquaman-DemoUITests";
				PRODUCT_NAME = "$(TARGET_NAME)";
				SWIFT_VERSION = 5.0;
				TARGETED_DEVICE_FAMILY = "1,2";
				TEST_TARGET_NAME = "Aquaman-Demo";
			};
			name = Release;
		};
		DF7F9F2D21E37EEC000F4317 /* Debug */ = {
			isa = XCBuildConfiguration;
			buildSettings = {
				ALWAYS_SEARCH_USER_PATHS = NO;
				CLANG_ANALYZER_NONNULL = YES;
				CLANG_ANALYZER_NUMBER_OBJECT_CONVERSION = YES_AGGRESSIVE;
				CLANG_CXX_LANGUAGE_STANDARD = "gnu++14";
				CLANG_CXX_LIBRARY = "libc++";
				CLANG_ENABLE_MODULES = YES;
				CLANG_ENABLE_OBJC_ARC = YES;
				CLANG_ENABLE_OBJC_WEAK = YES;
				CLANG_WARN_BLOCK_CAPTURE_AUTORELEASING = YES;
				CLANG_WARN_BOOL_CONVERSION = YES;
				CLANG_WARN_COMMA = YES;
				CLANG_WARN_CONSTANT_CONVERSION = YES;
				CLANG_WARN_DEPRECATED_OBJC_IMPLEMENTATIONS = YES;
				CLANG_WARN_DIRECT_OBJC_ISA_USAGE = YES_ERROR;
				CLANG_WARN_DOCUMENTATION_COMMENTS = YES;
				CLANG_WARN_EMPTY_BODY = YES;
				CLANG_WARN_ENUM_CONVERSION = YES;
				CLANG_WARN_INFINITE_RECURSION = YES;
				CLANG_WARN_INT_CONVERSION = YES;
				CLANG_WARN_NON_LITERAL_NULL_CONVERSION = YES;
				CLANG_WARN_OBJC_IMPLICIT_RETAIN_SELF = YES;
				CLANG_WARN_OBJC_LITERAL_CONVERSION = YES;
				CLANG_WARN_OBJC_ROOT_CLASS = YES_ERROR;
				CLANG_WARN_RANGE_LOOP_ANALYSIS = YES;
				CLANG_WARN_STRICT_PROTOTYPES = YES;
				CLANG_WARN_SUSPICIOUS_MOVE = YES;
				CLANG_WARN_UNGUARDED_AVAILABILITY = YES_AGGRESSIVE;
				CLANG_WARN_UNREACHABLE_CODE = YES;
				CLANG_WARN__DUPLICATE_METHOD_MATCH = YES;
				CODE_SIGN_IDENTITY = "iPhone Developer";
				COPY_PHASE_STRIP = NO;
				DEBUG_INFORMATION_FORMAT = dwarf;
				ENABLE_STRICT_OBJC_MSGSEND = YES;
				ENABLE_TESTABILITY = YES;
				GCC_C_LANGUAGE_STANDARD = gnu11;
				GCC_DYNAMIC_NO_PIC = NO;
				GCC_NO_COMMON_BLOCKS = YES;
				GCC_OPTIMIZATION_LEVEL = 0;
				GCC_PREPROCESSOR_DEFINITIONS = (
					"DEBUG=1",
					"$(inherited)",
				);
				GCC_WARN_64_TO_32_BIT_CONVERSION = YES;
				GCC_WARN_ABOUT_RETURN_TYPE = YES_ERROR;
				GCC_WARN_UNDECLARED_SELECTOR = YES;
				GCC_WARN_UNINITIALIZED_AUTOS = YES_AGGRESSIVE;
				GCC_WARN_UNUSED_FUNCTION = YES;
				GCC_WARN_UNUSED_VARIABLE = YES;
				IPHONEOS_DEPLOYMENT_TARGET = 12.1;
				MTL_ENABLE_DEBUG_INFO = INCLUDE_SOURCE;
				MTL_FAST_MATH = YES;
				ONLY_ACTIVE_ARCH = YES;
				SDKROOT = iphoneos;
				SWIFT_ACTIVE_COMPILATION_CONDITIONS = DEBUG;
				SWIFT_OPTIMIZATION_LEVEL = "-Onone";
			};
			name = Debug;
		};
		DF7F9F2E21E37EEC000F4317 /* Release */ = {
			isa = XCBuildConfiguration;
			buildSettings = {
				ALWAYS_SEARCH_USER_PATHS = NO;
				CLANG_ANALYZER_NONNULL = YES;
				CLANG_ANALYZER_NUMBER_OBJECT_CONVERSION = YES_AGGRESSIVE;
				CLANG_CXX_LANGUAGE_STANDARD = "gnu++14";
				CLANG_CXX_LIBRARY = "libc++";
				CLANG_ENABLE_MODULES = YES;
				CLANG_ENABLE_OBJC_ARC = YES;
				CLANG_ENABLE_OBJC_WEAK = YES;
				CLANG_WARN_BLOCK_CAPTURE_AUTORELEASING = YES;
				CLANG_WARN_BOOL_CONVERSION = YES;
				CLANG_WARN_COMMA = YES;
				CLANG_WARN_CONSTANT_CONVERSION = YES;
				CLANG_WARN_DEPRECATED_OBJC_IMPLEMENTATIONS = YES;
				CLANG_WARN_DIRECT_OBJC_ISA_USAGE = YES_ERROR;
				CLANG_WARN_DOCUMENTATION_COMMENTS = YES;
				CLANG_WARN_EMPTY_BODY = YES;
				CLANG_WARN_ENUM_CONVERSION = YES;
				CLANG_WARN_INFINITE_RECURSION = YES;
				CLANG_WARN_INT_CONVERSION = YES;
				CLANG_WARN_NON_LITERAL_NULL_CONVERSION = YES;
				CLANG_WARN_OBJC_IMPLICIT_RETAIN_SELF = YES;
				CLANG_WARN_OBJC_LITERAL_CONVERSION = YES;
				CLANG_WARN_OBJC_ROOT_CLASS = YES_ERROR;
				CLANG_WARN_RANGE_LOOP_ANALYSIS = YES;
				CLANG_WARN_STRICT_PROTOTYPES = YES;
				CLANG_WARN_SUSPICIOUS_MOVE = YES;
				CLANG_WARN_UNGUARDED_AVAILABILITY = YES_AGGRESSIVE;
				CLANG_WARN_UNREACHABLE_CODE = YES;
				CLANG_WARN__DUPLICATE_METHOD_MATCH = YES;
				CODE_SIGN_IDENTITY = "iPhone Developer";
				COPY_PHASE_STRIP = NO;
				DEBUG_INFORMATION_FORMAT = "dwarf-with-dsym";
				ENABLE_NS_ASSERTIONS = NO;
				ENABLE_STRICT_OBJC_MSGSEND = YES;
				GCC_C_LANGUAGE_STANDARD = gnu11;
				GCC_NO_COMMON_BLOCKS = YES;
				GCC_WARN_64_TO_32_BIT_CONVERSION = YES;
				GCC_WARN_ABOUT_RETURN_TYPE = YES_ERROR;
				GCC_WARN_UNDECLARED_SELECTOR = YES;
				GCC_WARN_UNINITIALIZED_AUTOS = YES_AGGRESSIVE;
				GCC_WARN_UNUSED_FUNCTION = YES;
				GCC_WARN_UNUSED_VARIABLE = YES;
				IPHONEOS_DEPLOYMENT_TARGET = 12.1;
				MTL_ENABLE_DEBUG_INFO = NO;
				MTL_FAST_MATH = YES;
				SDKROOT = iphoneos;
				SWIFT_COMPILATION_MODE = wholemodule;
				SWIFT_OPTIMIZATION_LEVEL = "-O";
				VALIDATE_PRODUCT = YES;
			};
			name = Release;
		};
		DF7F9F3021E37EEC000F4317 /* Debug */ = {
			isa = XCBuildConfiguration;
			baseConfigurationReference = F5EA41D9B5EC67782591227C /* Pods-Aquaman-Demo.debug.xcconfig */;
			buildSettings = {
				ASSETCATALOG_COMPILER_APPICON_NAME = AppIcon;
				CODE_SIGN_STYLE = Automatic;
				DEVELOPMENT_TEAM = 8246L2QR6A;
				INFOPLIST_FILE = "Aquaman-Demo/Info.plist";
				IPHONEOS_DEPLOYMENT_TARGET = 9.0;
				LD_RUNPATH_SEARCH_PATHS = (
					"$(inherited)",
					"@executable_path/Frameworks",
				);
				PRODUCT_BUNDLE_IDENTIFIER = "bawn.Aquaman-Demo";
				PRODUCT_NAME = "$(TARGET_NAME)";
				SWIFT_VERSION = 4.2;
				TARGETED_DEVICE_FAMILY = "1,2";
			};
			name = Debug;
		};
		DF7F9F3121E37EEC000F4317 /* Release */ = {
			isa = XCBuildConfiguration;
			baseConfigurationReference = 3A86685D0616AED53669BBEF /* Pods-Aquaman-Demo.release.xcconfig */;
			buildSettings = {
				ASSETCATALOG_COMPILER_APPICON_NAME = AppIcon;
				CODE_SIGN_STYLE = Automatic;
				DEVELOPMENT_TEAM = 8246L2QR6A;
				INFOPLIST_FILE = "Aquaman-Demo/Info.plist";
				IPHONEOS_DEPLOYMENT_TARGET = 9.0;
				LD_RUNPATH_SEARCH_PATHS = (
					"$(inherited)",
					"@executable_path/Frameworks",
				);
				PRODUCT_BUNDLE_IDENTIFIER = "bawn.Aquaman-Demo";
				PRODUCT_NAME = "$(TARGET_NAME)";
				SWIFT_VERSION = 4.2;
				TARGETED_DEVICE_FAMILY = "1,2";
			};
			name = Release;
		};
/* End XCBuildConfiguration section */

/* Begin XCConfigurationList section */
		DF457BB923B6131F00708C49 /* Build configuration list for PBXNativeTarget "Aquaman-DemoUITests" */ = {
			isa = XCConfigurationList;
			buildConfigurations = (
				DF457BB723B6131F00708C49 /* Debug */,
				DF457BB823B6131F00708C49 /* Release */,
			);
			defaultConfigurationIsVisible = 0;
			defaultConfigurationName = Release;
		};
		DF7F9F1821E37EEB000F4317 /* Build configuration list for PBXProject "Aquaman-Demo" */ = {
			isa = XCConfigurationList;
			buildConfigurations = (
				DF7F9F2D21E37EEC000F4317 /* Debug */,
				DF7F9F2E21E37EEC000F4317 /* Release */,
			);
			defaultConfigurationIsVisible = 0;
			defaultConfigurationName = Release;
		};
		DF7F9F2F21E37EEC000F4317 /* Build configuration list for PBXNativeTarget "Aquaman-Demo" */ = {
			isa = XCConfigurationList;
			buildConfigurations = (
				DF7F9F3021E37EEC000F4317 /* Debug */,
				DF7F9F3121E37EEC000F4317 /* Release */,
			);
			defaultConfigurationIsVisible = 0;
			defaultConfigurationName = Release;
		};
/* End XCConfigurationList section */

/* Begin XCRemoteSwiftPackageReference section */
		DF931182250C7D5600870847 /* XCRemoteSwiftPackageReference "Trident" */ = {
			isa = XCRemoteSwiftPackageReference;
			repositoryURL = "https://github.com/bawn/Trident.git";
			requirement = {
				kind = upToNextMajorVersion;
				minimumVersion = 0.7.0;
			};
		};
		DF931185250C7DDC00870847 /* XCRemoteSwiftPackageReference "Aquaman" */ = {
			isa = XCRemoteSwiftPackageReference;
			repositoryURL = "https://github.com/bawn/Aquaman.git";
			requirement = {
				kind = upToNextMajorVersion;
				minimumVersion = 0.1.3;
			};
		};
/* End XCRemoteSwiftPackageReference section */

/* Begin XCSwiftPackageProductDependency section */
		DF931183250C7D5600870847 /* Trident */ = {
			isa = XCSwiftPackageProductDependency;
			package = DF931182250C7D5600870847 /* XCRemoteSwiftPackageReference "Trident" */;
			productName = Trident;
		};
		DF931186250C7DDC00870847 /* Aquaman */ = {
			isa = XCSwiftPackageProductDependency;
			package = DF931185250C7DDC00870847 /* XCRemoteSwiftPackageReference "Aquaman" */;
			productName = Aquaman;
		};
/* End XCSwiftPackageProductDependency section */
	};
	rootObject = DF7F9F1521E37EEB000F4317 /* Project object */;
}
